// !$*UTF8*$!
{
	archiveVersion = 1;
	classes = {
	};
	objectVersion = 48;
	objects = {

/* Begin PBXBuildFile section */
		43CE0C3522154AC60090F503 /* Assets.xcassets in Resources */ = {isa = PBXBuildFile; fileRef = 43CE0C3422154AC60090F503 /* Assets.xcassets */; };
		43CE0C3B2215567B0090F503 /* AVFoundation.framework in Frameworks */ = {isa = PBXBuildFile; fileRef = 43CE0C3A2215567B0090F503 /* AVFoundation.framework */; };
		43CE0C432215598F0090F503 /* sample2.mp3 in Resources */ = {isa = PBXBuildFile; fileRef = 43CE0C402215598F0090F503 /* sample2.mp3 */; };
		43CE0C442215598F0090F503 /* sample1.mp3 in Resources */ = {isa = PBXBuildFile; fileRef = 43CE0C412215598F0090F503 /* sample1.mp3 */; };
		43CE0C452215598F0090F503 /* sample3.mp3 in Resources */ = {isa = PBXBuildFile; fileRef = 43CE0C422215598F0090F503 /* sample3.mp3 */; };
		6A71825520220AC30065F400 /* AppDelegate.swift in Sources */ = {isa = PBXBuildFile; fileRef = 6A71825420220AC30065F400 /* AppDelegate.swift */; };
		6A71825720220AC30065F400 /* FirstViewController.swift in Sources */ = {isa = PBXBuildFile; fileRef = 6A71825620220AC30065F400 /* FirstViewController.swift */; };
		6A71827D202242C00065F400 /* Main.storyboard in Resources */ = {isa = PBXBuildFile; fileRef = 6A718278202242C00065F400 /* Main.storyboard */; };
/* End PBXBuildFile section */

/* Begin PBXFileReference section */
		43CE0C3422154AC60090F503 /* Assets.xcassets */ = {isa = PBXFileReference; lastKnownFileType = folder.assetcatalog; path = Assets.xcassets; sourceTree = "<group>"; };
		43CE0C3A2215567B0090F503 /* AVFoundation.framework */ = {isa = PBXFileReference; lastKnownFileType = wrapper.framework; name = AVFoundation.framework; path = System/Library/Frameworks/AVFoundation.framework; sourceTree = SDKROOT; };
		43CE0C402215598F0090F503 /* sample2.mp3 */ = {isa = PBXFileReference; lastKnownFileType = audio.mp3; path = sample2.mp3; sourceTree = "<group>"; };
		43CE0C412215598F0090F503 /* sample1.mp3 */ = {isa = PBXFileReference; lastKnownFileType = audio.mp3; path = sample1.mp3; sourceTree = "<group>"; };
		43CE0C422215598F0090F503 /* sample3.mp3 */ = {isa = PBXFileReference; lastKnownFileType = audio.mp3; path = sample3.mp3; sourceTree = "<group>"; };
		6A71825120220AC30065F400 /* MobileLabUnlockScreenKit.app */ = {isa = PBXFileReference; explicitFileType = wrapper.application; includeInIndex = 0; path = MobileLabUnlockScreenKit.app; sourceTree = BUILT_PRODUCTS_DIR; };
		6A71825420220AC30065F400 /* AppDelegate.swift */ = {isa = PBXFileReference; lastKnownFileType = sourcecode.swift; path = AppDelegate.swift; sourceTree = "<group>"; };
		6A71825620220AC30065F400 /* FirstViewController.swift */ = {isa = PBXFileReference; lastKnownFileType = sourcecode.swift; path = FirstViewController.swift; sourceTree = "<group>"; };
		6A718279202242C00065F400 /* Base */ = {isa = PBXFileReference; lastKnownFileType = file.storyboard; name = Base; path = Base.lproj/Main.storyboard; sourceTree = "<group>"; };
		6A71827A202242C00065F400 /* Info.plist */ = {isa = PBXFileReference; fileEncoding = 4; lastKnownFileType = text.plist.xml; path = Info.plist; sourceTree = "<group>"; };
/* End PBXFileReference section */

/* Begin PBXFrameworksBuildPhase section */
		6A71824E20220AC30065F400 /* Frameworks */ = {
			isa = PBXFrameworksBuildPhase;
			buildActionMask = 2147483647;
			files = (
				43CE0C3B2215567B0090F503 /* AVFoundation.framework in Frameworks */,
			);
			runOnlyForDeploymentPostprocessing = 0;
		};
/* End PBXFrameworksBuildPhase section */

/* Begin PBXGroup section */
		43CE0C36221552CF0090F503 /* sound */ = {
			isa = PBXGroup;
			children = (
				43CE0C412215598F0090F503 /* sample1.mp3 */,
				43CE0C402215598F0090F503 /* sample2.mp3 */,
				43CE0C422215598F0090F503 /* sample3.mp3 */,
			);
			path = sound;
			sourceTree = "<group>";
		};
		43CE0C39221556790090F503 /* Frameworks */ = {
			isa = PBXGroup;
			children = (
				43CE0C3A2215567B0090F503 /* AVFoundation.framework */,
			);
			name = Frameworks;
			sourceTree = "<group>";
		};
		6A71824820220AC30065F400 = {
			isa = PBXGroup;
			children = (
				6A71825320220AC30065F400 /* MobileLabUnlockScreenKit */,
				6A71825220220AC30065F400 /* Products */,
				43CE0C39221556790090F503 /* Frameworks */,
			);
			sourceTree = "<group>";
		};
		6A71825220220AC30065F400 /* Products */ = {
			isa = PBXGroup;
			children = (
				6A71825120220AC30065F400 /* MobileLabUnlockScreenKit.app */,
			);
			name = Products;
			sourceTree = "<group>";
		};
		6A71825320220AC30065F400 /* MobileLabUnlockScreenKit */ = {
			isa = PBXGroup;
			children = (
				6A71825420220AC30065F400 /* AppDelegate.swift */,
				6A71825620220AC30065F400 /* FirstViewController.swift */,
				6A718274202242C00065F400 /* Resources */,
			);
			path = MobileLabUnlockScreenKit;
			sourceTree = "<group>";
		};
		6A718274202242C00065F400 /* Resources */ = {
			isa = PBXGroup;
			children = (
				43CE0C3422154AC60090F503 /* Assets.xcassets */,
				6A718278202242C00065F400 /* Main.storyboard */,
				6A71827A202242C00065F400 /* Info.plist */,
				43CE0C36221552CF0090F503 /* sound */,
			);
			path = Resources;
			sourceTree = "<group>";
		};
/* End PBXGroup section */

/* Begin PBXNativeTarget section */
		6A71825020220AC30065F400 /* MobileLabUnlockScreenKit */ = {
			isa = PBXNativeTarget;
			buildConfigurationList = 6A71826520220AC30065F400 /* Build configuration list for PBXNativeTarget "MobileLabUnlockScreenKit" */;
			buildPhases = (
				6A71824D20220AC30065F400 /* Sources */,
				6A71824E20220AC30065F400 /* Frameworks */,
				6A71824F20220AC30065F400 /* Resources */,
			);
			buildRules = (
			);
			dependencies = (
			);
			name = MobileLabUnlockScreenKit;
			productName = MobileLabUnlockScreenKit;
			productReference = 6A71825120220AC30065F400 /* MobileLabUnlockScreenKit.app */;
			productType = "com.apple.product-type.application";
		};
/* End PBXNativeTarget section */

/* Begin PBXProject section */
		6A71824920220AC30065F400 /* Project object */ = {
			isa = PBXProject;
			attributes = {
				LastSwiftUpdateCheck = 0920;
				LastUpgradeCheck = 1010;
				ORGANIZATIONNAME = "Mobile Lab";
				TargetAttributes = {
					6A71825020220AC30065F400 = {
						CreatedOnToolsVersion = 9.2;
						LastSwiftMigration = 1010;
						ProvisioningStyle = Automatic;
					};
				};
			};
			buildConfigurationList = 6A71824C20220AC30065F400 /* Build configuration list for PBXProject "MobileLabUnlockScreenKit" */;
			compatibilityVersion = "Xcode 8.0";
			developmentRegion = en;
			hasScannedForEncodings = 0;
			knownRegions = (
				en,
				Base,
			);
			mainGroup = 6A71824820220AC30065F400;
			productRefGroup = 6A71825220220AC30065F400 /* Products */;
			projectDirPath = "";
			projectRoot = "";
			targets = (
				6A71825020220AC30065F400 /* MobileLabUnlockScreenKit */,
			);
		};
/* End PBXProject section */

/* Begin PBXResourcesBuildPhase section */
		6A71824F20220AC30065F400 /* Resources */ = {
			isa = PBXResourcesBuildPhase;
			buildActionMask = 2147483647;
			files = (
				43CE0C442215598F0090F503 /* sample1.mp3 in Resources */,
				43CE0C452215598F0090F503 /* sample3.mp3 in Resources */,
				43CE0C3522154AC60090F503 /* Assets.xcassets in Resources */,
				6A71827D202242C00065F400 /* Main.storyboard in Resources */,
				43CE0C432215598F0090F503 /* sample2.mp3 in Resources */,
			);
			runOnlyForDeploymentPostprocessing = 0;
		};
/* End PBXResourcesBuildPhase section */

/* Begin PBXSourcesBuildPhase section */
		6A71824D20220AC30065F400 /* Sources */ = {
			isa = PBXSourcesBuildPhase;
			buildActionMask = 2147483647;
			files = (
				6A71825520220AC30065F400 /* AppDelegate.swift in Sources */,
				6A71825720220AC30065F400 /* FirstViewController.swift in Sources */,
			);
			runOnlyForDeploymentPostprocessing = 0;
		};
/* End PBXSourcesBuildPhase section */

/* Begin PBXVariantGroup section */
		6A718278202242C00065F400 /* Main.storyboard */ = {
			isa = PBXVariantGroup;
			children = (
				6A718279202242C00065F400 /* Base */,
			);
			name = Main.storyboard;
			sourceTree = "<group>";
		};
/* End PBXVariantGroup section */

/* Begin XCBuildConfiguration section */
		6A71826320220AC30065F400 /* Debug */ = {
			isa = XCBuildConfiguration;
			buildSettings = {
				ALWAYS_SEARCH_USER_PATHS = NO;
				CLANG_ANALYZER_NONNULL = YES;
				CLANG_ANALYZER_NUMBER_OBJECT_CONVERSION = YES_AGGRESSIVE;
				CLANG_CXX_LANGUAGE_STANDARD = "gnu++14";
				CLANG_CXX_LIBRARY = "libc++";
				CLANG_ENABLE_MODULES = YES;
				CLANG_ENABLE_OBJC_ARC = YES;
				CLANG_WARN_BLOCK_CAPTURE_AUTORELEASING = YES;
				CLANG_WARN_BOOL_CONVERSION = YES;
				CLANG_WARN_COMMA = YES;
				CLANG_WARN_CONSTANT_CONVERSION = YES;
				CLANG_WARN_DEPRECATED_OBJC_IMPLEMENTATIONS = YES;
				CLANG_WARN_DIRECT_OBJC_ISA_USAGE = YES_ERROR;
				CLANG_WARN_DOCUMENTATION_COMMENTS = YES;
				CLANG_WARN_EMPTY_BODY = YES;
				CLANG_WARN_ENUM_CONVERSION = YES;
				CLANG_WARN_INFINITE_RECURSION = YES;
				CLANG_WARN_INT_CONVERSION = YES;
				CLANG_WARN_NON_LITERAL_NULL_CONVERSION = YES;
				CLANG_WARN_OBJC_IMPLICIT_RETAIN_SELF = YES;
				CLANG_WARN_OBJC_LITERAL_CONVERSION = YES;
				CLANG_WARN_OBJC_ROOT_CLASS = YES_ERROR;
				CLANG_WARN_RANGE_LOOP_ANALYSIS = YES;
				CLANG_WARN_STRICT_PROTOTYPES = YES;
				CLANG_WARN_SUSPICIOUS_MOVE = YES;
				CLANG_WARN_UNGUARDED_AVAILABILITY = YES_AGGRESSIVE;
				CLANG_WARN_UNREACHABLE_CODE = YES;
				CLANG_WARN__DUPLICATE_METHOD_MATCH = YES;
				CODE_SIGN_IDENTITY = "iPhone Developer";
				COPY_PHASE_STRIP = NO;
				DEBUG_INFORMATION_FORMAT = dwarf;
				ENABLE_STRICT_OBJC_MSGSEND = YES;
				ENABLE_TESTABILITY = YES;
				GCC_C_LANGUAGE_STANDARD = gnu11;
				GCC_DYNAMIC_NO_PIC = NO;
				GCC_NO_COMMON_BLOCKS = YES;
				GCC_OPTIMIZATION_LEVEL = 0;
				GCC_PREPROCESSOR_DEFINITIONS = (
					"DEBUG=1",
					"$(inherited)",
				);
				GCC_WARN_64_TO_32_BIT_CONVERSION = YES;
				GCC_WARN_ABOUT_RETURN_TYPE = YES_ERROR;
				GCC_WARN_UNDECLARED_SELECTOR = YES;
				GCC_WARN_UNINITIALIZED_AUTOS = YES_AGGRESSIVE;
				GCC_WARN_UNUSED_FUNCTION = YES;
				GCC_WARN_UNUSED_VARIABLE = YES;
				IPHONEOS_DEPLOYMENT_TARGET = 11.2;
				MTL_ENABLE_DEBUG_INFO = YES;
				ONLY_ACTIVE_ARCH = YES;
				SDKROOT = iphoneos;
				SWIFT_ACTIVE_COMPILATION_CONDITIONS = DEBUG;
				SWIFT_OPTIMIZATION_LEVEL = "-Onone";
			};
			name = Debug;
		};
		6A71826420220AC30065F400 /* Release */ = {
			isa = XCBuildConfiguration;
			buildSettings = {
				ALWAYS_SEARCH_USER_PATHS = NO;
				CLANG_ANALYZER_NONNULL = YES;
				CLANG_ANALYZER_NUMBER_OBJECT_CONVERSION = YES_AGGRESSIVE;
				CLANG_CXX_LANGUAGE_STANDARD = "gnu++14";
				CLANG_CXX_LIBRARY = "libc++";
				CLANG_ENABLE_MODULES = YES;
				CLANG_ENABLE_OBJC_ARC = YES;
				CLANG_WARN_BLOCK_CAPTURE_AUTORELEASING = YES;
				CLANG_WARN_BOOL_CONVERSION = YES;
				CLANG_WARN_COMMA = YES;
				CLANG_WARN_CONSTANT_CONVERSION = YES;
				CLANG_WARN_DEPRECATED_OBJC_IMPLEMENTATIONS = YES;
				CLANG_WARN_DIRECT_OBJC_ISA_USAGE = YES_ERROR;
				CLANG_WARN_DOCUMENTATION_COMMENTS = YES;
				CLANG_WARN_EMPTY_BODY = YES;
				CLANG_WARN_ENUM_CONVERSION = YES;
				CLANG_WARN_INFINITE_RECURSION = YES;
				CLANG_WARN_INT_CONVERSION = YES;
				CLANG_WARN_NON_LITERAL_NULL_CONVERSION = YES;
				CLANG_WARN_OBJC_IMPLICIT_RETAIN_SELF = YES;
				CLANG_WARN_OBJC_LITERAL_CONVERSION = YES;
				CLANG_WARN_OBJC_ROOT_CLASS = YES_ERROR;
				CLANG_WARN_RANGE_LOOP_ANALYSIS = YES;
				CLANG_WARN_STRICT_PROTOTYPES = YES;
				CLANG_WARN_SUSPICIOUS_MOVE = YES;
				CLANG_WARN_UNGUARDED_AVAILABILITY = YES_AGGRESSIVE;
				CLANG_WARN_UNREACHABLE_CODE = YES;
				CLANG_WARN__DUPLICATE_METHOD_MATCH = YES;
				CODE_SIGN_IDENTITY = "iPhone Developer";
				COPY_PHASE_STRIP = NO;
				DEBUG_INFORMATION_FORMAT = "dwarf-with-dsym";
				ENABLE_NS_ASSERTIONS = NO;
				ENABLE_STRICT_OBJC_MSGSEND = YES;
				GCC_C_LANGUAGE_STANDARD = gnu11;
				GCC_NO_COMMON_BLOCKS = YES;
				GCC_WARN_64_TO_32_BIT_CONVERSION = YES;
				GCC_WARN_ABOUT_RETURN_TYPE = YES_ERROR;
				GCC_WARN_UNDECLARED_SELECTOR = YES;
				GCC_WARN_UNINITIALIZED_AUTOS = YES_AGGRESSIVE;
				GCC_WARN_UNUSED_FUNCTION = YES;
				GCC_WARN_UNUSED_VARIABLE = YES;
				IPHONEOS_DEPLOYMENT_TARGET = 11.2;
				MTL_ENABLE_DEBUG_INFO = NO;
				SDKROOT = iphoneos;
				SWIFT_OPTIMIZATION_LEVEL = "-Owholemodule";
				VALIDATE_PRODUCT = YES;
			};
			name = Release;
		};
		6A71826620220AC30065F400 /* Debug */ = {
			isa = XCBuildConfiguration;
			buildSettings = {
				ASSETCATALOG_COMPILER_APPICON_NAME = AppIcon;
				CODE_SIGN_STYLE = Automatic;
				DEVELOPMENT_TEAM = 6C2R8V9A7T;
				INFOPLIST_FILE = MobileLabUnlockScreenKit/Resources/Info.plist;
				LD_RUNPATH_SEARCH_PATHS = "$(inherited) @executable_path/Frameworks";
				PRODUCT_BUNDLE_IDENTIFIER = mobilelab.UnlockScreen;
				PRODUCT_NAME = "$(TARGET_NAME)";
				SWIFT_VERSION = 4.2;
				TARGETED_DEVICE_FAMILY = "1,2";
			};
			name = Debug;
		};
		6A71826720220AC30065F400 /* Release */ = {
			isa = XCBuildConfiguration;
			buildSettings = {
				ASSETCATALOG_COMPILER_APPICON_NAME = AppIcon;
				CODE_SIGN_STYLE = Automatic;
				DEVELOPMENT_TEAM = 6C2R8V9A7T;
				INFOPLIST_FILE = MobileLabUnlockScreenKit/Resources/Info.plist;
				LD_RUNPATH_SEARCH_PATHS = "$(inherited) @executable_path/Frameworks";
				PRODUCT_BUNDLE_IDENTIFIER = mobilelab.UnlockScreen;
				PRODUCT_NAME = "$(TARGET_NAME)";
				SWIFT_VERSION = 4.2;
				TARGETED_DEVICE_FAMILY = "1,2";
			};
			name = Release;
		};
/* End XCBuildConfiguration section */

/* Begin XCConfigurationList section */
		6A71824C20220AC30065F400 /* Build configuration list for PBXProject "MobileLabUnlockScreenKit" */ = {
			isa = XCConfigurationList;
			buildConfigurations = (
				6A71826320220AC30065F400 /* Debug */,
				6A71826420220AC30065F400 /* Release */,
			);
			defaultConfigurationIsVisible = 0;
			defaultConfigurationName = Release;
		};
		6A71826520220AC30065F400 /* Build configuration list for PBXNativeTarget "MobileLabUnlockScreenKit" */ = {
			isa = XCConfigurationList;
			buildConfigurations = (
				6A71826620220AC30065F400 /* Debug */,
				6A71826720220AC30065F400 /* Release */,
			);
			defaultConfigurationIsVisible = 0;
			defaultConfigurationName = Release;
		};
/* End XCConfigurationList section */
	};
	rootObject = 6A71824920220AC30065F400 /* Project object */;
}
